// !$*UTF8*$!
{
	archiveVersion = 1;
	classes = {
	};
	objectVersion = 46;
	objects = {

/* Begin PBXBuildFile section */
		F917A0AB1CF8EEC700F2F725 /* main.m in Sources */ = {isa = PBXBuildFile; fileRef = F917A0AA1CF8EEC700F2F725 /* main.m */; };
		F917A0AE1CF8EEC700F2F725 /* AppDelegate.m in Sources */ = {isa = PBXBuildFile; fileRef = F917A0AD1CF8EEC700F2F725 /* AppDelegate.m */; };
		F917A0B11CF8EEC700F2F725 /* ViewController.m in Sources */ = {isa = PBXBuildFile; fileRef = F917A0B01CF8EEC700F2F725 /* ViewController.m */; };
		F917A0B41CF8EEC700F2F725 /* Main.storyboard in Resources */ = {isa = PBXBuildFile; fileRef = F917A0B21CF8EEC700F2F725 /* Main.storyboard */; };
		F917A0B61CF8EEC700F2F725 /* Assets.xcassets in Resources */ = {isa = PBXBuildFile; fileRef = F917A0B51CF8EEC700F2F725 /* Assets.xcassets */; };
		F917A0B91CF8EEC700F2F725 /* LaunchScreen.storyboard in Resources */ = {isa = PBXBuildFile; fileRef = F917A0B71CF8EEC700F2F725 /* LaunchScreen.storyboard */; };
/* End PBXBuildFile section */

/* Begin PBXFileReference section */
		F917A0A61CF8EEC700F2F725 /* text.app */ = {isa = PBXFileReference; explicitFileType = wrapper.application; includeInIndex = 0; path = text.app; sourceTree = BUILT_PRODUCTS_DIR; };
		F917A0AA1CF8EEC700F2F725 /* main.m */ = {isa = PBXFileReference; lastKnownFileType = sourcecode.c.objc; path = main.m; sourceTree = "<group>"; };
		F917A0AC1CF8EEC700F2F725 /* AppDelegate.h */ = {isa = PBXFileReference; lastKnownFileType = sourcecode.c.h; path = AppDelegate.h; sourceTree = "<group>"; };
		F917A0AD1CF8EEC700F2F725 /* AppDelegate.m */ = {isa = PBXFileReference; lastKnownFileType = sourcecode.c.objc; path = AppDelegate.m; sourceTree = "<group>"; };
		F917A0AF1CF8EEC700F2F725 /* ViewController.h */ = {isa = PBXFileReference; lastKnownFileType = sourcecode.c.h; path = ViewController.h; sourceTree = "<group>"; };
		F917A0B01CF8EEC700F2F725 /* ViewController.m */ = {isa = PBXFileReference; lastKnownFileType = sourcecode.c.objc; path = ViewController.m; sourceTree = "<group>"; };
		F917A0B31CF8EEC700F2F725 /* Base */ = {isa = PBXFileReference; lastKnownFileType = file.storyboard; name = Base; path = Base.lproj/Main.storyboard; sourceTree = "<group>"; };
		F917A0B51CF8EEC700F2F725 /* Assets.xcassets */ = {isa = PBXFileReference; lastKnownFileType = folder.assetcatalog; path = Assets.xcassets; sourceTree = "<group>"; };
		F917A0B81CF8EEC700F2F725 /* Base */ = {isa = PBXFileReference; lastKnownFileType = file.storyboard; name = Base; path = Base.lproj/LaunchScreen.storyboard; sourceTree = "<group>"; };
		F917A0BA1CF8EEC700F2F725 /* Info.plist */ = {isa = PBXFileReference; lastKnownFileType = text.plist.xml; path = Info.plist; sourceTree = "<group>"; };
/* End PBXFileReference section */

/* Begin PBXFrameworksBuildPhase section */
		F917A0A31CF8EEC700F2F725 /* Frameworks */ = {
			isa = PBXFrameworksBuildPhase;
			buildActionMask = 2147483647;
			files = (
			);
			runOnlyForDeploymentPostprocessing = 0;
		};
/* End PBXFrameworksBuildPhase section */

/* Begin PBXGroup section */
		F917A09D1CF8EEC700F2F725 = {
			isa = PBXGroup;
			children = (
				F917A0A81CF8EEC700F2F725 /* text */,
				F917A0A71CF8EEC700F2F725 /* Products */,
			);
			sourceTree = "<group>";
		};
		F917A0A71CF8EEC700F2F725 /* Products */ = {
			isa = PBXGroup;
			children = (
				F917A0A61CF8EEC700F2F725 /* text.app */,
			);
			name = Products;
			sourceTree = "<group>";
		};
		F917A0A81CF8EEC700F2F725 /* text */ = {
			isa = PBXGroup;
			children = (
				F917A0AC1CF8EEC700F2F725 /* AppDelegate.h */,
				F917A0AD1CF8EEC700F2F725 /* AppDelegate.m */,
				F917A0AF1CF8EEC700F2F725 /* ViewController.h */,
				F917A0B01CF8EEC700F2F725 /* ViewController.m */,
				F917A0B21CF8EEC700F2F725 /* Main.storyboard */,
				F917A0B51CF8EEC700F2F725 /* Assets.xcassets */,
				F917A0B71CF8EEC700F2F725 /* LaunchScreen.storyboard */,
				F917A0BA1CF8EEC700F2F725 /* Info.plist */,
				F917A0A91CF8EEC700F2F725 /* Supporting Files */,
			);
			path = text;
			sourceTree = "<group>";
		};
		F917A0A91CF8EEC700F2F725 /* Supporting Files */ = {
			isa = PBXGroup;
			children = (
				F917A0AA1CF8EEC700F2F725 /* main.m */,
			);
			name = "Supporting Files";
			sourceTree = "<group>";
		};
/* End PBXGroup section */

/* Begin PBXNativeTarget section */
		F917A0A51CF8EEC700F2F725 /* text */ = {
			isa = PBXNativeTarget;
			buildConfigurationList = F917A0BD1CF8EEC700F2F725 /* Build configuration list for PBXNativeTarget "text" */;
			buildPhases = (
				F917A0A21CF8EEC700F2F725 /* Sources */,
				F917A0A31CF8EEC700F2F725 /* Frameworks */,
				F917A0A41CF8EEC700F2F725 /* Resources */,
			);
			buildRules = (
			);
			dependencies = (
			);
			name = text;
			productName = text;
			productReference = F917A0A61CF8EEC700F2F725 /* text.app */;
			productType = "com.apple.product-type.application";
		};
/* End PBXNativeTarget section */

/* Begin PBXProject section */
		F917A09E1CF8EEC700F2F725 /* Project object */ = {
			isa = PBXProject;
			attributes = {
				LastUpgradeCheck = 0720;
				ORGANIZATIONNAME = CloudEducation;
				TargetAttributes = {
					F917A0A51CF8EEC700F2F725 = {
						CreatedOnToolsVersion = 7.2.1;
					};
				};
			};
			buildConfigurationList = F917A0A11CF8EEC700F2F725 /* Build configuration list for PBXProject "text" */;
			compatibilityVersion = "Xcode 3.2";
			developmentRegion = English;
			hasScannedForEncodings = 0;
			knownRegions = (
				en,
				Base,
			);
			mainGroup = F917A09D1CF8EEC700F2F725;
			productRefGroup = F917A0A71CF8EEC700F2F725 /* Products */;
			projectDirPath = "";
			projectRoot = "";
			targets = (
				F917A0A51CF8EEC700F2F725 /* text */,
			);
		};
/* End PBXProject section */

/* Begin PBXResourcesBuildPhase section */
		F917A0A41CF8EEC700F2F725 /* Resources */ = {
			isa = PBXResourcesBuildPhase;
			buildActionMask = 2147483647;
			files = (
				F917A0B91CF8EEC700F2F725 /* LaunchScreen.storyboard in Resources */,
				F917A0B61CF8EEC700F2F725 /* Assets.xcassets in Resources */,
				F917A0B41CF8EEC700F2F725 /* Main.storyboard in Resources */,
			);
			runOnlyForDeploymentPostprocessing = 0;
		};
/* End PBXResourcesBuildPhase section */

/* Begin PBXSourcesBuildPhase section */
		F917A0A21CF8EEC700F2F725 /* Sources */ = {
			isa = PBXSourcesBuildPhase;
			buildActionMask = 2147483647;
			files = (
				F917A0B11CF8EEC700F2F725 /* ViewController.m in Sources */,
				F917A0AE1CF8EEC700F2F725 /* AppDelegate.m in Sources */,
				F917A0AB1CF8EEC700F2F725 /* main.m in Sources */,
			);
			runOnlyForDeploymentPostprocessing = 0;
		};
/* End PBXSourcesBuildPhase section */

/* Begin PBXVariantGroup section */
		F917A0B21CF8EEC700F2F725 /* Main.storyboard */ = {
			isa = PBXVariantGroup;
			children = (
				F917A0B31CF8EEC700F2F725 /* Base */,
			);
			name = Main.storyboard;
			sourceTree = "<group>";
		};
		F917A0B71CF8EEC700F2F725 /* LaunchScreen.storyboard */ = {
			isa = PBXVariantGroup;
			children = (
				F917A0B81CF8EEC700F2F725 /* Base */,
			);
			name = LaunchScreen.storyboard;
			sourceTree = "<group>";
		};
/* End PBXVariantGroup section */

/* Begin XCBuildConfiguration section */
		F917A0BB1CF8EEC700F2F725 /* Debug */ = {
			isa = XCBuildConfiguration;
			buildSettings = {
				ALWAYS_SEARCH_USER_PATHS = NO;
				CLANG_CXX_LANGUAGE_STANDARD = "gnu++0x";
				CLANG_CXX_LIBRARY = "libc++";
				CLANG_ENABLE_MODULES = YES;
				CLANG_ENABLE_OBJC_ARC = YES;
				CLANG_WARN_BOOL_CONVERSION = YES;
				CLANG_WARN_CONSTANT_CONVERSION = YES;
				CLANG_WARN_DIRECT_OBJC_ISA_USAGE = YES_ERROR;
				CLANG_WARN_EMPTY_BODY = YES;
				CLANG_WARN_ENUM_CONVERSION = YES;
				CLANG_WARN_INT_CONVERSION = YES;
				CLANG_WARN_OBJC_ROOT_CLASS = YES_ERROR;
				CLANG_WARN_UNREACHABLE_CODE = YES;
				CLANG_WARN__DUPLICATE_METHOD_MATCH = YES;
				"CODE_SIGN_IDENTITY[sdk=iphoneos*]" = "iPhone Developer";
				COPY_PHASE_STRIP = NO;
				DEBUG_INFORMATION_FORMAT = dwarf;
				ENABLE_STRICT_OBJC_MSGSEND = YES;
				ENABLE_TESTABILITY = YES;
				GCC_C_LANGUAGE_STANDARD = gnu99;
				GCC_DYNAMIC_NO_PIC = NO;
				GCC_NO_COMMON_BLOCKS = YES;
				GCC_OPTIMIZATION_LEVEL = 0;
				GCC_PREPROCESSOR_DEFINITIONS = (
					"DEBUG=1",
					"$(inherited)",
				);
				GCC_WARN_64_TO_32_BIT_CONVERSION = YES;
				GCC_WARN_ABOUT_RETURN_TYPE = YES_ERROR;
				GCC_WARN_UNDECLARED_SELECTOR = YES;
				GCC_WARN_UNINITIALIZED_AUTOS = YES_AGGRESSIVE;
				GCC_WARN_UNUSED_FUNCTION = YES;
				GCC_WARN_UNUSED_VARIABLE = YES;
				IPHONEOS_DEPLOYMENT_TARGET = 9.2;
				MTL_ENABLE_DEBUG_INFO = YES;
				ONLY_ACTIVE_ARCH = YES;
				SDKROOT = iphoneos;
			};
			name = Debug;
		};
		F917A0BC1CF8EEC700F2F725 /* Release */ = {
			isa = XCBuildConfiguration;
			buildSettings = {
				ALWAYS_SEARCH_USER_PATHS = NO;
				CLANG_CXX_LANGUAGE_STANDARD = "gnu++0x";
				CLANG_CXX_LIBRARY = "libc++";
				CLANG_ENABLE_MODULES = YES;
				CLANG_ENABLE_OBJC_ARC = YES;
				CLANG_WARN_BOOL_CONVERSION = YES;
				CLANG_WARN_CONSTANT_CONVERSION = YES;
				CLANG_WARN_DIRECT_OBJC_ISA_USAGE = YES_ERROR;
				CLANG_WARN_EMPTY_BODY = YES;
				CLANG_WARN_ENUM_CONVERSION = YES;
				CLANG_WARN_INT_CONVERSION = YES;
				CLANG_WARN_OBJC_ROOT_CLASS = YES_ERROR;
				CLANG_WARN_UNREACHABLE_CODE = YES;
				CLANG_WARN__DUPLICATE_METHOD_MATCH = YES;
				"CODE_SIGN_IDENTITY[sdk=iphoneos*]" = "iPhone Developer";
				COPY_PHASE_STRIP = NO;
				DEBUG_INFORMATION_FORMAT = "dwarf-with-dsym";
				ENABLE_NS_ASSERTIONS = NO;
				ENABLE_STRICT_OBJC_MSGSEND = YES;
				GCC_C_LANGUAGE_STANDARD = gnu99;
				GCC_NO_COMMON_BLOCKS = YES;
				GCC_WARN_64_TO_32_BIT_CONVERSION = YES;
				GCC_WARN_ABOUT_RETURN_TYPE = YES_ERROR;
				GCC_WARN_UNDECLARED_SELECTOR = YES;
				GCC_WARN_UNINITIALIZED_AUTOS = YES_AGGRESSIVE;
				GCC_WARN_UNUSED_FUNCTION = YES;
				GCC_WARN_UNUSED_VARIABLE = YES;
				IPHONEOS_DEPLOYMENT_TARGET = 9.2;
				MTL_ENABLE_DEBUG_INFO = NO;
				SDKROOT = iphoneos;
				VALIDATE_PRODUCT = YES;
			};
			name = Release;
		};
		F917A0BE1CF8EEC700F2F725 /* Debug */ = {
			isa = XCBuildConfiguration;
			buildSettings = {
				ASSETCATALOG_COMPILER_APPICON_NAME = AppIcon;
				INFOPLIST_FILE = text/Info.plist;
				LD_RUNPATH_SEARCH_PATHS = "$(inherited) @executable_path/Frameworks";
				PRODUCT_BUNDLE_IDENTIFIER = Cloud.text;
				PRODUCT_NAME = "$(TARGET_NAME)";
			};
			name = Debug;
		};
		F917A0BF1CF8EEC700F2F725 /* Release */ = {
			isa = XCBuildConfiguration;
			buildSettings = {
				ASSETCATALOG_COMPILER_APPICON_NAME = AppIcon;
				INFOPLIST_FILE = text/Info.plist;
				LD_RUNPATH_SEARCH_PATHS = "$(inherited) @executable_path/Frameworks";
				PRODUCT_BUNDLE_IDENTIFIER = Cloud.text;
				PRODUCT_NAME = "$(TARGET_NAME)";
			};
			name = Release;
		};
/* End XCBuildConfiguration section */

/* Begin XCConfigurationList section */
		F917A0A11CF8EEC700F2F725 /* Build configuration list for PBXProject "text" */ = {
			isa = XCConfigurationList;
			buildConfigurations = (
				F917A0BB1CF8EEC700F2F725 /* Debug */,
				F917A0BC1CF8EEC700F2F725 /* Release */,
			);
			defaultConfigurationIsVisible = 0;
			defaultConfigurationName = Release;
		};
		F917A0BD1CF8EEC700F2F725 /* Build configuration list for PBXNativeTarget "text" */ = {
			isa = XCConfigurationList;
			buildConfigurations = (
				F917A0BE1CF8EEC700F2F725 /* Debug */,
				F917A0BF1CF8EEC700F2F725 /* Release */,
			);
			defaultConfigurationIsVisible = 0;
		};
/* End XCConfigurationList section */
	};
	rootObject = F917A09E1CF8EEC700F2F725 /* Project object */;
}
